// !$*UTF8*$!
{
	archiveVersion = 1;
	classes = {
	};
	objectVersion = 56;
	objects = {

/* Begin PBXBuildFile section */
		40B1E94B2AA7D1AE006B72D6 /* Focus_State_Login_FormApp.swift in Sources */ = {isa = PBXBuildFile; fileRef = 40B1E94A2AA7D1AE006B72D6 /* Focus_State_Login_FormApp.swift */; };
		40B1E94D2AA7D1AE006B72D6 /* ContentView.swift in Sources */ = {isa = PBXBuildFile; fileRef = 40B1E94C2AA7D1AE006B72D6 /* ContentView.swift */; };
		40B1E94F2AA7D1B3006B72D6 /* Assets.xcassets in Resources */ = {isa = PBXBuildFile; fileRef = 40B1E94E2AA7D1B3006B72D6 /* Assets.xcassets */; };
		40B1E9522AA7D1B3006B72D6 /* Preview Assets.xcassets in Resources */ = {isa = PBXBuildFile; fileRef = 40B1E9512AA7D1B3006B72D6 /* Preview Assets.xcassets */; };
		40B1E95C2AA7D1B3006B72D6 /* Focus_State_Login_FormTests.swift in Sources */ = {isa = PBXBuildFile; fileRef = 40B1E95B2AA7D1B3006B72D6 /* Focus_State_Login_FormTests.swift */; };
		40B1E9662AA7D1B3006B72D6 /* Focus_State_Login_FormUITests.swift in Sources */ = {isa = PBXBuildFile; fileRef = 40B1E9652AA7D1B3006B72D6 /* Focus_State_Login_FormUITests.swift */; };
		40B1E9682AA7D1B3006B72D6 /* Focus_State_Login_FormUITestsLaunchTests.swift in Sources */ = {isa = PBXBuildFile; fileRef = 40B1E9672AA7D1B3006B72D6 /* Focus_State_Login_FormUITestsLaunchTests.swift */; };
		40B1E9752AA7D40F006B72D6 /* LoginForm.swift in Sources */ = {isa = PBXBuildFile; fileRef = 40B1E9742AA7D40F006B72D6 /* LoginForm.swift */; };
/* End PBXBuildFile section */

/* Begin PBXContainerItemProxy section */
		40B1E9582AA7D1B3006B72D6 /* PBXContainerItemProxy */ = {
			isa = PBXContainerItemProxy;
			containerPortal = 40B1E93F2AA7D1AD006B72D6 /* Project object */;
			proxyType = 1;
			remoteGlobalIDString = 40B1E9462AA7D1AD006B72D6;
			remoteInfo = "Focus State Login Form";
		};
		40B1E9622AA7D1B3006B72D6 /* PBXContainerItemProxy */ = {
			isa = PBXContainerItemProxy;
			containerPortal = 40B1E93F2AA7D1AD006B72D6 /* Project object */;
			proxyType = 1;
			remoteGlobalIDString = 40B1E9462AA7D1AD006B72D6;
			remoteInfo = "Focus State Login Form";
		};
/* End PBXContainerItemProxy section */

/* Begin PBXFileReference section */
		40B1E9472AA7D1AE006B72D6 /* Focus State Login Form.app */ = {isa = PBXFileReference; explicitFileType = wrapper.application; includeInIndex = 0; path = "Focus State Login Form.app"; sourceTree = BUILT_PRODUCTS_DIR; };
		40B1E94A2AA7D1AE006B72D6 /* Focus_State_Login_FormApp.swift */ = {isa = PBXFileReference; lastKnownFileType = sourcecode.swift; path = Focus_State_Login_FormApp.swift; sourceTree = "<group>"; };
		40B1E94C2AA7D1AE006B72D6 /* ContentView.swift */ = {isa = PBXFileReference; lastKnownFileType = sourcecode.swift; path = ContentView.swift; sourceTree = "<group>"; };
		40B1E94E2AA7D1B3006B72D6 /* Assets.xcassets */ = {isa = PBXFileReference; lastKnownFileType = folder.assetcatalog; path = Assets.xcassets; sourceTree = "<group>"; };
		40B1E9512AA7D1B3006B72D6 /* Preview Assets.xcassets */ = {isa = PBXFileReference; lastKnownFileType = folder.assetcatalog; path = "Preview Assets.xcassets"; sourceTree = "<group>"; };
		40B1E9572AA7D1B3006B72D6 /* Focus State Login FormTests.xctest */ = {isa = PBXFileReference; explicitFileType = wrapper.cfbundle; includeInIndex = 0; path = "Focus State Login FormTests.xctest"; sourceTree = BUILT_PRODUCTS_DIR; };
		40B1E95B2AA7D1B3006B72D6 /* Focus_State_Login_FormTests.swift */ = {isa = PBXFileReference; lastKnownFileType = sourcecode.swift; path = Focus_State_Login_FormTests.swift; sourceTree = "<group>"; };
		40B1E9612AA7D1B3006B72D6 /* Focus State Login FormUITests.xctest */ = {isa = PBXFileReference; explicitFileType = wrapper.cfbundle; includeInIndex = 0; path = "Focus State Login FormUITests.xctest"; sourceTree = BUILT_PRODUCTS_DIR; };
		40B1E9652AA7D1B3006B72D6 /* Focus_State_Login_FormUITests.swift */ = {isa = PBXFileReference; lastKnownFileType = sourcecode.swift; path = Focus_State_Login_FormUITests.swift; sourceTree = "<group>"; };
		40B1E9672AA7D1B3006B72D6 /* Focus_State_Login_FormUITestsLaunchTests.swift */ = {isa = PBXFileReference; lastKnownFileType = sourcecode.swift; path = Focus_State_Login_FormUITestsLaunchTests.swift; sourceTree = "<group>"; };
		40B1E9742AA7D40F006B72D6 /* LoginForm.swift */ = {isa = PBXFileReference; lastKnownFileType = sourcecode.swift; path = LoginForm.swift; sourceTree = "<group>"; };
/* End PBXFileReference section */

/* Begin PBXFrameworksBuildPhase section */
		40B1E9442AA7D1AD006B72D6 /* Frameworks */ = {
			isa = PBXFrameworksBuildPhase;
			buildActionMask = 2147483647;
			files = (
			);
			runOnlyForDeploymentPostprocessing = 0;
		};
		40B1E9542AA7D1B3006B72D6 /* Frameworks */ = {
			isa = PBXFrameworksBuildPhase;
			buildActionMask = 2147483647;
			files = (
			);
			runOnlyForDeploymentPostprocessing = 0;
		};
		40B1E95E2AA7D1B3006B72D6 /* Frameworks */ = {
			isa = PBXFrameworksBuildPhase;
			buildActionMask = 2147483647;
			files = (
			);
			runOnlyForDeploymentPostprocessing = 0;
		};
/* End PBXFrameworksBuildPhase section */

/* Begin PBXGroup section */
		40B1E93E2AA7D1AD006B72D6 = {
			isa = PBXGroup;
			children = (
				40B1E9492AA7D1AE006B72D6 /* Focus State Login Form */,
				40B1E95A2AA7D1B3006B72D6 /* Focus State Login FormTests */,
				40B1E9642AA7D1B3006B72D6 /* Focus State Login FormUITests */,
				40B1E9482AA7D1AE006B72D6 /* Products */,
			);
			sourceTree = "<group>";
		};
		40B1E9482AA7D1AE006B72D6 /* Products */ = {
			isa = PBXGroup;
			children = (
				40B1E9472AA7D1AE006B72D6 /* Focus State Login Form.app */,
				40B1E9572AA7D1B3006B72D6 /* Focus State Login FormTests.xctest */,
				40B1E9612AA7D1B3006B72D6 /* Focus State Login FormUITests.xctest */,
			);
			name = Products;
			sourceTree = "<group>";
		};
		40B1E9492AA7D1AE006B72D6 /* Focus State Login Form */ = {
			isa = PBXGroup;
			children = (
				40B1E94A2AA7D1AE006B72D6 /* Focus_State_Login_FormApp.swift */,
				40B1E94C2AA7D1AE006B72D6 /* ContentView.swift */,
				40B1E9742AA7D40F006B72D6 /* LoginForm.swift */,
				40B1E94E2AA7D1B3006B72D6 /* Assets.xcassets */,
				40B1E9502AA7D1B3006B72D6 /* Preview Content */,
			);
			path = "Focus State Login Form";
			sourceTree = "<group>";
		};
		40B1E9502AA7D1B3006B72D6 /* Preview Content */ = {
			isa = PBXGroup;
			children = (
				40B1E9512AA7D1B3006B72D6 /* Preview Assets.xcassets */,
			);
			path = "Preview Content";
			sourceTree = "<group>";
		};
		40B1E95A2AA7D1B3006B72D6 /* Focus State Login FormTests */ = {
			isa = PBXGroup;
			children = (
				40B1E95B2AA7D1B3006B72D6 /* Focus_State_Login_FormTests.swift */,
			);
			path = "Focus State Login FormTests";
			sourceTree = "<group>";
		};
		40B1E9642AA7D1B3006B72D6 /* Focus State Login FormUITests */ = {
			isa = PBXGroup;
			children = (
				40B1E9652AA7D1B3006B72D6 /* Focus_State_Login_FormUITests.swift */,
				40B1E9672AA7D1B3006B72D6 /* Focus_State_Login_FormUITestsLaunchTests.swift */,
			);
			path = "Focus State Login FormUITests";
			sourceTree = "<group>";
		};
/* End PBXGroup section */

/* Begin PBXNativeTarget section */
		40B1E9462AA7D1AD006B72D6 /* Focus State Login Form */ = {
			isa = PBXNativeTarget;
			buildConfigurationList = 40B1E96B2AA7D1B3006B72D6 /* Build configuration list for PBXNativeTarget "Focus State Login Form" */;
			buildPhases = (
				40B1E9432AA7D1AD006B72D6 /* Sources */,
				40B1E9442AA7D1AD006B72D6 /* Frameworks */,
				40B1E9452AA7D1AD006B72D6 /* Resources */,
			);
			buildRules = (
			);
			dependencies = (
			);
			name = "Focus State Login Form";
			productName = "Focus State Login Form";
			productReference = 40B1E9472AA7D1AE006B72D6 /* Focus State Login Form.app */;
			productType = "com.apple.product-type.application";
		};
		40B1E9562AA7D1B3006B72D6 /* Focus State Login FormTests */ = {
			isa = PBXNativeTarget;
			buildConfigurationList = 40B1E96E2AA7D1B3006B72D6 /* Build configuration list for PBXNativeTarget "Focus State Login FormTests" */;
			buildPhases = (
				40B1E9532AA7D1B3006B72D6 /* Sources */,
				40B1E9542AA7D1B3006B72D6 /* Frameworks */,
				40B1E9552AA7D1B3006B72D6 /* Resources */,
			);
			buildRules = (
			);
			dependencies = (
				40B1E9592AA7D1B3006B72D6 /* PBXTargetDependency */,
			);
			name = "Focus State Login FormTests";
			productName = "Focus State Login FormTests";
			productReference = 40B1E9572AA7D1B3006B72D6 /* Focus State Login FormTests.xctest */;
			productType = "com.apple.product-type.bundle.unit-test";
		};
		40B1E9602AA7D1B3006B72D6 /* Focus State Login FormUITests */ = {
			isa = PBXNativeTarget;
			buildConfigurationList = 40B1E9712AA7D1B3006B72D6 /* Build configuration list for PBXNativeTarget "Focus State Login FormUITests" */;
			buildPhases = (
				40B1E95D2AA7D1B3006B72D6 /* Sources */,
				40B1E95E2AA7D1B3006B72D6 /* Frameworks */,
				40B1E95F2AA7D1B3006B72D6 /* Resources */,
			);
			buildRules = (
			);
			dependencies = (
				40B1E9632AA7D1B3006B72D6 /* PBXTargetDependency */,
			);
			name = "Focus State Login FormUITests";
			productName = "Focus State Login FormUITests";
			productReference = 40B1E9612AA7D1B3006B72D6 /* Focus State Login FormUITests.xctest */;
			productType = "com.apple.product-type.bundle.ui-testing";
		};
/* End PBXNativeTarget section */

/* Begin PBXProject section */
		40B1E93F2AA7D1AD006B72D6 /* Project object */ = {
			isa = PBXProject;
			attributes = {
				BuildIndependentTargetsInParallel = 1;
				LastSwiftUpdateCheck = 1400;
				LastUpgradeCheck = 1400;
				TargetAttributes = {
					40B1E9462AA7D1AD006B72D6 = {
						CreatedOnToolsVersion = 14.0.1;
					};
					40B1E9562AA7D1B3006B72D6 = {
						CreatedOnToolsVersion = 14.0.1;
						TestTargetID = 40B1E9462AA7D1AD006B72D6;
					};
					40B1E9602AA7D1B3006B72D6 = {
						CreatedOnToolsVersion = 14.0.1;
						TestTargetID = 40B1E9462AA7D1AD006B72D6;
					};
				};
			};
			buildConfigurationList = 40B1E9422AA7D1AD006B72D6 /* Build configuration list for PBXProject "Focus State Login Form" */;
			compatibilityVersion = "Xcode 14.0";
			developmentRegion = en;
			hasScannedForEncodings = 0;
			knownRegions = (
				en,
				Base,
			);
			mainGroup = 40B1E93E2AA7D1AD006B72D6;
			productRefGroup = 40B1E9482AA7D1AE006B72D6 /* Products */;
			projectDirPath = "";
			projectRoot = "";
			targets = (
				40B1E9462AA7D1AD006B72D6 /* Focus State Login Form */,
				40B1E9562AA7D1B3006B72D6 /* Focus State Login FormTests */,
				40B1E9602AA7D1B3006B72D6 /* Focus State Login FormUITests */,
			);
		};
/* End PBXProject section */

/* Begin PBXResourcesBuildPhase section */
		40B1E9452AA7D1AD006B72D6 /* Resources */ = {
			isa = PBXResourcesBuildPhase;
			buildActionMask = 2147483647;
			files = (
				40B1E9522AA7D1B3006B72D6 /* Preview Assets.xcassets in Resources */,
				40B1E94F2AA7D1B3006B72D6 /* Assets.xcassets in Resources */,
			);
			runOnlyForDeploymentPostprocessing = 0;
		};
		40B1E9552AA7D1B3006B72D6 /* Resources */ = {
			isa = PBXResourcesBuildPhase;
			buildActionMask = 2147483647;
			files = (
			);
			runOnlyForDeploymentPostprocessing = 0;
		};
		40B1E95F2AA7D1B3006B72D6 /* Resources */ = {
			isa = PBXResourcesBuildPhase;
			buildActionMask = 2147483647;
			files = (
			);
			runOnlyForDeploymentPostprocessing = 0;
		};
/* End PBXResourcesBuildPhase section */

/* Begin PBXSourcesBuildPhase section */
		40B1E9432AA7D1AD006B72D6 /* Sources */ = {
			isa = PBXSourcesBuildPhase;
			buildActionMask = 2147483647;
			files = (
				40B1E94D2AA7D1AE006B72D6 /* ContentView.swift in Sources */,
				40B1E9752AA7D40F006B72D6 /* LoginForm.swift in Sources */,
				40B1E94B2AA7D1AE006B72D6 /* Focus_State_Login_FormApp.swift in Sources */,
			);
			runOnlyForDeploymentPostprocessing = 0;
		};
		40B1E9532AA7D1B3006B72D6 /* Sources */ = {
			isa = PBXSourcesBuildPhase;
			buildActionMask = 2147483647;
			files = (
				40B1E95C2AA7D1B3006B72D6 /* Focus_State_Login_FormTests.swift in Sources */,
			);
			runOnlyForDeploymentPostprocessing = 0;
		};
		40B1E95D2AA7D1B3006B72D6 /* Sources */ = {
			isa = PBXSourcesBuildPhase;
			buildActionMask = 2147483647;
			files = (
				40B1E9662AA7D1B3006B72D6 /* Focus_State_Login_FormUITests.swift in Sources */,
				40B1E9682AA7D1B3006B72D6 /* Focus_State_Login_FormUITestsLaunchTests.swift in Sources */,
			);
			runOnlyForDeploymentPostprocessing = 0;
		};
/* End PBXSourcesBuildPhase section */

/* Begin PBXTargetDependency section */
		40B1E9592AA7D1B3006B72D6 /* PBXTargetDependency */ = {
			isa = PBXTargetDependency;
			target = 40B1E9462AA7D1AD006B72D6 /* Focus State Login Form */;
			targetProxy = 40B1E9582AA7D1B3006B72D6 /* PBXContainerItemProxy */;
		};
		40B1E9632AA7D1B3006B72D6 /* PBXTargetDependency */ = {
			isa = PBXTargetDependency;
			target = 40B1E9462AA7D1AD006B72D6 /* Focus State Login Form */;
			targetProxy = 40B1E9622AA7D1B3006B72D6 /* PBXContainerItemProxy */;
		};
/* End PBXTargetDependency section */

/* Begin XCBuildConfiguration section */
		40B1E9692AA7D1B3006B72D6 /* Debug */ = {
			isa = XCBuildConfiguration;
			buildSettings = {
				ALWAYS_SEARCH_USER_PATHS = NO;
				CLANG_ANALYZER_NONNULL = YES;
				CLANG_ANALYZER_NUMBER_OBJECT_CONVERSION = YES_AGGRESSIVE;
				CLANG_CXX_LANGUAGE_STANDARD = "gnu++20";
				CLANG_ENABLE_MODULES = YES;
				CLANG_ENABLE_OBJC_ARC = YES;
				CLANG_ENABLE_OBJC_WEAK = YES;
				CLANG_WARN_BLOCK_CAPTURE_AUTORELEASING = YES;
				CLANG_WARN_BOOL_CONVERSION = YES;
				CLANG_WARN_COMMA = YES;
				CLANG_WARN_CONSTANT_CONVERSION = YES;
				CLANG_WARN_DEPRECATED_OBJC_IMPLEMENTATIONS = YES;
				CLANG_WARN_DIRECT_OBJC_ISA_USAGE = YES_ERROR;
				CLANG_WARN_DOCUMENTATION_COMMENTS = YES;
				CLANG_WARN_EMPTY_BODY = YES;
				CLANG_WARN_ENUM_CONVERSION = YES;
				CLANG_WARN_INFINITE_RECURSION = YES;
				CLANG_WARN_INT_CONVERSION = YES;
				CLANG_WARN_NON_LITERAL_NULL_CONVERSION = YES;
				CLANG_WARN_OBJC_IMPLICIT_RETAIN_SELF = YES;
				CLANG_WARN_OBJC_LITERAL_CONVERSION = YES;
				CLANG_WARN_OBJC_ROOT_CLASS = YES_ERROR;
				CLANG_WARN_QUOTED_INCLUDE_IN_FRAMEWORK_HEADER = YES;
				CLANG_WARN_RANGE_LOOP_ANALYSIS = YES;
				CLANG_WARN_STRICT_PROTOTYPES = YES;
				CLANG_WARN_SUSPICIOUS_MOVE = YES;
				CLANG_WARN_UNGUARDED_AVAILABILITY = YES_AGGRESSIVE;
				CLANG_WARN_UNREACHABLE_CODE = YES;
				CLANG_WARN__DUPLICATE_METHOD_MATCH = YES;
				COPY_PHASE_STRIP = NO;
				DEBUG_INFORMATION_FORMAT = dwarf;
				ENABLE_STRICT_OBJC_MSGSEND = YES;
				ENABLE_TESTABILITY = YES;
				GCC_C_LANGUAGE_STANDARD = gnu11;
				GCC_DYNAMIC_NO_PIC = NO;
				GCC_NO_COMMON_BLOCKS = YES;
				GCC_OPTIMIZATION_LEVEL = 0;
				GCC_PREPROCESSOR_DEFINITIONS = (
					"DEBUG=1",
					"$(inherited)",
				);
				GCC_WARN_64_TO_32_BIT_CONVERSION = YES;
				GCC_WARN_ABOUT_RETURN_TYPE = YES_ERROR;
				GCC_WARN_UNDECLARED_SELECTOR = YES;
				GCC_WARN_UNINITIALIZED_AUTOS = YES_AGGRESSIVE;
				GCC_WARN_UNUSED_FUNCTION = YES;
				GCC_WARN_UNUSED_VARIABLE = YES;
				IPHONEOS_DEPLOYMENT_TARGET = 16.0;
				MTL_ENABLE_DEBUG_INFO = INCLUDE_SOURCE;
				MTL_FAST_MATH = YES;
				ONLY_ACTIVE_ARCH = YES;
				SDKROOT = iphoneos;
				SWIFT_ACTIVE_COMPILATION_CONDITIONS = DEBUG;
				SWIFT_OPTIMIZATION_LEVEL = "-Onone";
			};
			name = Debug;
		};
		40B1E96A2AA7D1B3006B72D6 /* Release */ = {
			isa = XCBuildConfiguration;
			buildSettings = {
				ALWAYS_SEARCH_USER_PATHS = NO;
				CLANG_ANALYZER_NONNULL = YES;
				CLANG_ANALYZER_NUMBER_OBJECT_CONVERSION = YES_AGGRESSIVE;
				CLANG_CXX_LANGUAGE_STANDARD = "gnu++20";
				CLANG_ENABLE_MODULES = YES;
				CLANG_ENABLE_OBJC_ARC = YES;
				CLANG_ENABLE_OBJC_WEAK = YES;
				CLANG_WARN_BLOCK_CAPTURE_AUTORELEASING = YES;
				CLANG_WARN_BOOL_CONVERSION = YES;
				CLANG_WARN_COMMA = YES;
				CLANG_WARN_CONSTANT_CONVERSION = YES;
				CLANG_WARN_DEPRECATED_OBJC_IMPLEMENTATIONS = YES;
				CLANG_WARN_DIRECT_OBJC_ISA_USAGE = YES_ERROR;
				CLANG_WARN_DOCUMENTATION_COMMENTS = YES;
				CLANG_WARN_EMPTY_BODY = YES;
				CLANG_WARN_ENUM_CONVERSION = YES;
				CLANG_WARN_INFINITE_RECURSION = YES;
				CLANG_WARN_INT_CONVERSION = YES;
				CLANG_WARN_NON_LITERAL_NULL_CONVERSION = YES;
				CLANG_WARN_OBJC_IMPLICIT_RETAIN_SELF = YES;
				CLANG_WARN_OBJC_LITERAL_CONVERSION = YES;
				CLANG_WARN_OBJC_ROOT_CLASS = YES_ERROR;
				CLANG_WARN_QUOTED_INCLUDE_IN_FRAMEWORK_HEADER = YES;
				CLANG_WARN_RANGE_LOOP_ANALYSIS = YES;
				CLANG_WARN_STRICT_PROTOTYPES = YES;
				CLANG_WARN_SUSPICIOUS_MOVE = YES;
				CLANG_WARN_UNGUARDED_AVAILABILITY = YES_AGGRESSIVE;
				CLANG_WARN_UNREACHABLE_CODE = YES;
				CLANG_WARN__DUPLICATE_METHOD_MATCH = YES;
				COPY_PHASE_STRIP = NO;
				DEBUG_INFORMATION_FORMAT = "dwarf-with-dsym";
				ENABLE_NS_ASSERTIONS = NO;
				ENABLE_STRICT_OBJC_MSGSEND = YES;
				GCC_C_LANGUAGE_STANDARD = gnu11;
				GCC_NO_COMMON_BLOCKS = YES;
				GCC_WARN_64_TO_32_BIT_CONVERSION = YES;
				GCC_WARN_ABOUT_RETURN_TYPE = YES_ERROR;
				GCC_WARN_UNDECLARED_SELECTOR = YES;
				GCC_WARN_UNINITIALIZED_AUTOS = YES_AGGRESSIVE;
				GCC_WARN_UNUSED_FUNCTION = YES;
				GCC_WARN_UNUSED_VARIABLE = YES;
				IPHONEOS_DEPLOYMENT_TARGET = 16.0;
				MTL_ENABLE_DEBUG_INFO = NO;
				MTL_FAST_MATH = YES;
				SDKROOT = iphoneos;
				SWIFT_COMPILATION_MODE = wholemodule;
				SWIFT_OPTIMIZATION_LEVEL = "-O";
				VALIDATE_PRODUCT = YES;
			};
			name = Release;
		};
		40B1E96C2AA7D1B3006B72D6 /* Debug */ = {
			isa = XCBuildConfiguration;
			buildSettings = {
				ASSETCATALOG_COMPILER_APPICON_NAME = AppIcon;
				ASSETCATALOG_COMPILER_GLOBAL_ACCENT_COLOR_NAME = AccentColor;
				CODE_SIGN_STYLE = Automatic;
				CURRENT_PROJECT_VERSION = 1;
				DEVELOPMENT_ASSET_PATHS = "\"Focus State Login Form/Preview Content\"";
				DEVELOPMENT_TEAM = M9MT23QW7V;
				ENABLE_PREVIEWS = YES;
				GENERATE_INFOPLIST_FILE = YES;
				INFOPLIST_KEY_UIApplicationSceneManifest_Generation = YES;
				INFOPLIST_KEY_UIApplicationSupportsIndirectInputEvents = YES;
				INFOPLIST_KEY_UILaunchScreen_Generation = YES;
				INFOPLIST_KEY_UISupportedInterfaceOrientations_iPad = "UIInterfaceOrientationPortrait UIInterfaceOrientationPortraitUpsideDown UIInterfaceOrientationLandscapeLeft UIInterfaceOrientationLandscapeRight";
				INFOPLIST_KEY_UISupportedInterfaceOrientations_iPhone = "UIInterfaceOrientationPortrait UIInterfaceOrientationLandscapeLeft UIInterfaceOrientationLandscapeRight";
				LD_RUNPATH_SEARCH_PATHS = (
					"$(inherited)",
					"@executable_path/Frameworks",
				);
				MARKETING_VERSION = 1.0;
				PRODUCT_BUNDLE_IDENTIFIER = "noahpope.Focus-State-Login-Form";
				PRODUCT_NAME = "$(TARGET_NAME)";
				SWIFT_EMIT_LOC_STRINGS = YES;
				SWIFT_VERSION = 5.0;
				TARGETED_DEVICE_FAMILY = "1,2";
			};
			name = Debug;
		};
		40B1E96D2AA7D1B3006B72D6 /* Release */ = {
			isa = XCBuildConfiguration;
			buildSettings = {
				ASSETCATALOG_COMPILER_APPICON_NAME = AppIcon;
				ASSETCATALOG_COMPILER_GLOBAL_ACCENT_COLOR_NAME = AccentColor;
				CODE_SIGN_STYLE = Automatic;
				CURRENT_PROJECT_VERSION = 1;
				DEVELOPMENT_ASSET_PATHS = "\"Focus State Login Form/Preview Content\"";
				DEVELOPMENT_TEAM = M9MT23QW7V;
				ENABLE_PREVIEWS = YES;
				GENERATE_INFOPLIST_FILE = YES;
				INFOPLIST_KEY_UIApplicationSceneManifest_Generation = YES;
				INFOPLIST_KEY_UIApplicationSupportsIndirectInputEvents = YES;
				INFOPLIST_KEY_UILaunchScreen_Generation = YES;
				INFOPLIST_KEY_UISupportedInterfaceOrientations_iPad = "UIInterfaceOrientationPortrait UIInterfaceOrientationPortraitUpsideDown UIInterfaceOrientationLandscapeLeft UIInterfaceOrientationLandscapeRight";
				INFOPLIST_KEY_UISupportedInterfaceOrientations_iPhone = "UIInterfaceOrientationPortrait UIInterfaceOrientationLandscapeLeft UIInterfaceOrientationLandscapeRight";
				LD_RUNPATH_SEARCH_PATHS = (
					"$(inherited)",
					"@executable_path/Frameworks",
				);
				MARKETING_VERSION = 1.0;
				PRODUCT_BUNDLE_IDENTIFIER = "noahpope.Focus-State-Login-Form";
				PRODUCT_NAME = "$(TARGET_NAME)";
				SWIFT_EMIT_LOC_STRINGS = YES;
				SWIFT_VERSION = 5.0;
				TARGETED_DEVICE_FAMILY = "1,2";
			};
			name = Release;
		};
		40B1E96F2AA7D1B3006B72D6 /* Debug */ = {
			isa = XCBuildConfiguration;
			buildSettings = {
				ALWAYS_EMBED_SWIFT_STANDARD_LIBRARIES = YES;
				BUNDLE_LOADER = "$(TEST_HOST)";
				CODE_SIGN_STYLE = Automatic;
				CURRENT_PROJECT_VERSION = 1;
				DEVELOPMENT_TEAM = M9MT23QW7V;
				GENERATE_INFOPLIST_FILE = YES;
				IPHONEOS_DEPLOYMENT_TARGET = 16.0;
				MARKETING_VERSION = 1.0;
				PRODUCT_BUNDLE_IDENTIFIER = "noahpope.Focus-State-Login-FormTests";
				PRODUCT_NAME = "$(TARGET_NAME)";
				SWIFT_EMIT_LOC_STRINGS = NO;
				SWIFT_VERSION = 5.0;
				TARGETED_DEVICE_FAMILY = "1,2";
				TEST_HOST = "$(BUILT_PRODUCTS_DIR)/Focus State Login Form.app/$(BUNDLE_EXECUTABLE_FOLDER_PATH)/Focus State Login Form";
			};
			name = Debug;
		};
		40B1E9702AA7D1B3006B72D6 /* Release */ = {
			isa = XCBuildConfiguration;
			buildSettings = {
				ALWAYS_EMBED_SWIFT_STANDARD_LIBRARIES = YES;
				BUNDLE_LOADER = "$(TEST_HOST)";
				CODE_SIGN_STYLE = Automatic;
				CURRENT_PROJECT_VERSION = 1;
				DEVELOPMENT_TEAM = M9MT23QW7V;
				GENERATE_INFOPLIST_FILE = YES;
				IPHONEOS_DEPLOYMENT_TARGET = 16.0;
				MARKETING_VERSION = 1.0;
				PRODUCT_BUNDLE_IDENTIFIER = "noahpope.Focus-State-Login-FormTests";
				PRODUCT_NAME = "$(TARGET_NAME)";
				SWIFT_EMIT_LOC_STRINGS = NO;
				SWIFT_VERSION = 5.0;
				TARGETED_DEVICE_FAMILY = "1,2";
				TEST_HOST = "$(BUILT_PRODUCTS_DIR)/Focus State Login Form.app/$(BUNDLE_EXECUTABLE_FOLDER_PATH)/Focus State Login Form";
			};
			name = Release;
		};
		40B1E9722AA7D1B3006B72D6 /* Debug */ = {
			isa = XCBuildConfiguration;
			buildSettings = {
				ALWAYS_EMBED_SWIFT_STANDARD_LIBRARIES = YES;
				CODE_SIGN_STYLE = Automatic;
				CURRENT_PROJECT_VERSION = 1;
				DEVELOPMENT_TEAM = M9MT23QW7V;
				GENERATE_INFOPLIST_FILE = YES;
				MARKETING_VERSION = 1.0;
				PRODUCT_BUNDLE_IDENTIFIER = "noahpope.Focus-State-Login-FormUITests";
				PRODUCT_NAME = "$(TARGET_NAME)";
				SWIFT_EMIT_LOC_STRINGS = NO;
				SWIFT_VERSION = 5.0;
				TARGETED_DEVICE_FAMILY = "1,2";
				TEST_TARGET_NAME = "Focus State Login Form";
			};
			name = Debug;
		};
		40B1E9732AA7D1B3006B72D6 /* Release */ = {
			isa = XCBuildConfiguration;
			buildSettings = {
				ALWAYS_EMBED_SWIFT_STANDARD_LIBRARIES = YES;
				CODE_SIGN_STYLE = Automatic;
				CURRENT_PROJECT_VERSION = 1;
				DEVELOPMENT_TEAM = M9MT23QW7V;
				GENERATE_INFOPLIST_FILE = YES;
				MARKETING_VERSION = 1.0;
				PRODUCT_BUNDLE_IDENTIFIER = "noahpope.Focus-State-Login-FormUITests";
				PRODUCT_NAME = "$(TARGET_NAME)";
				SWIFT_EMIT_LOC_STRINGS = NO;
				SWIFT_VERSION = 5.0;
				TARGETED_DEVICE_FAMILY = "1,2";
				TEST_TARGET_NAME = "Focus State Login Form";
			};
			name = Release;
		};
/* End XCBuildConfiguration section */

/* Begin XCConfigurationList section */
		40B1E9422AA7D1AD006B72D6 /* Build configuration list for PBXProject "Focus State Login Form" */ = {
			isa = XCConfigurationList;
			buildConfigurations = (
				40B1E9692AA7D1B3006B72D6 /* Debug */,
				40B1E96A2AA7D1B3006B72D6 /* Release */,
			);
			defaultConfigurationIsVisible = 0;
			defaultConfigurationName = Release;
		};
		40B1E96B2AA7D1B3006B72D6 /* Build configuration list for PBXNativeTarget "Focus State Login Form" */ = {
			isa = XCConfigurationList;
			buildConfigurations = (
				40B1E96C2AA7D1B3006B72D6 /* Debug */,
				40B1E96D2AA7D1B3006B72D6 /* Release */,
			);
			defaultConfigurationIsVisible = 0;
			defaultConfigurationName = Release;
		};
		40B1E96E2AA7D1B3006B72D6 /* Build configuration list for PBXNativeTarget "Focus State Login FormTests" */ = {
			isa = XCConfigurationList;
			buildConfigurations = (
				40B1E96F2AA7D1B3006B72D6 /* Debug */,
				40B1E9702AA7D1B3006B72D6 /* Release */,
			);
			defaultConfigurationIsVisible = 0;
			defaultConfigurationName = Release;
		};
		40B1E9712AA7D1B3006B72D6 /* Build configuration list for PBXNativeTarget "Focus State Login FormUITests" */ = {
			isa = XCConfigurationList;
			buildConfigurations = (
				40B1E9722AA7D1B3006B72D6 /* Debug */,
				40B1E9732AA7D1B3006B72D6 /* Release */,
			);
			defaultConfigurationIsVisible = 0;
			defaultConfigurationName = Release;
		};
/* End XCConfigurationList section */
	};
	rootObject = 40B1E93F2AA7D1AD006B72D6 /* Project object */;
}
